// !$*UTF8*$!
{
	archiveVersion = 1;
	classes = {
	};
	objectVersion = 56;
	objects = {

/* Begin PBXBuildFile section */
		258F9FEA29AE1D8D00402FD7 /* AppDelegate.swift in Sources */ = {isa = PBXBuildFile; fileRef = 258F9FE929AE1D8D00402FD7 /* AppDelegate.swift */; };
		258F9FEC29AE1D8D00402FD7 /* SceneDelegate.swift in Sources */ = {isa = PBXBuildFile; fileRef = 258F9FEB29AE1D8D00402FD7 /* SceneDelegate.swift */; };
		258F9FEE29AE1D8D00402FD7 /* ViewController.swift in Sources */ = {isa = PBXBuildFile; fileRef = 258F9FED29AE1D8D00402FD7 /* ViewController.swift */; };
		258F9FF329AE1D9000402FD7 /* Assets.xcassets in Resources */ = {isa = PBXBuildFile; fileRef = 258F9FF229AE1D9000402FD7 /* Assets.xcassets */; };
		258F9FF629AE1D9000402FD7 /* LaunchScreen.storyboard in Resources */ = {isa = PBXBuildFile; fileRef = 258F9FF429AE1D9000402FD7 /* LaunchScreen.storyboard */; };
		258F9FFF29AE1F7D00402FD7 /* SnapKit-Dynamic in Frameworks */ = {isa = PBXBuildFile; productRef = 258F9FFE29AE1F7D00402FD7 /* SnapKit-Dynamic */; };
		258FA00429AE227B00402FD7 /* Model.swift in Sources */ = {isa = PBXBuildFile; fileRef = 258FA00329AE227B00402FD7 /* Model.swift */; };
		258FA00629AE263400402FD7 /* SongRequest.swift in Sources */ = {isa = PBXBuildFile; fileRef = 258FA00529AE263400402FD7 /* SongRequest.swift */; };
		258FA00829AE842C00402FD7 /* SongTableViewCell.swift in Sources */ = {isa = PBXBuildFile; fileRef = 258FA00729AE842C00402FD7 /* SongTableViewCell.swift */; };
		258FA00A29AEE40400402FD7 /* DetailsViewController.swift in Sources */ = {isa = PBXBuildFile; fileRef = 258FA00929AEE40400402FD7 /* DetailsViewController.swift */; };
		258FA00C29AEE67700402FD7 /* Protocol.swift in Sources */ = {isa = PBXBuildFile; fileRef = 258FA00B29AEE67700402FD7 /* Protocol.swift */; };
/* End PBXBuildFile section */

/* Begin PBXFileReference section */
		258F9FE629AE1D8D00402FD7 /* ItunesTestTask.app */ = {isa = PBXFileReference; explicitFileType = wrapper.application; includeInIndex = 0; path = ItunesTestTask.app; sourceTree = BUILT_PRODUCTS_DIR; };
		258F9FE929AE1D8D00402FD7 /* AppDelegate.swift */ = {isa = PBXFileReference; lastKnownFileType = sourcecode.swift; path = AppDelegate.swift; sourceTree = "<group>"; };
		258F9FEB29AE1D8D00402FD7 /* SceneDelegate.swift */ = {isa = PBXFileReference; lastKnownFileType = sourcecode.swift; path = SceneDelegate.swift; sourceTree = "<group>"; };
		258F9FED29AE1D8D00402FD7 /* ViewController.swift */ = {isa = PBXFileReference; lastKnownFileType = sourcecode.swift; path = ViewController.swift; sourceTree = "<group>"; };
		258F9FF229AE1D9000402FD7 /* Assets.xcassets */ = {isa = PBXFileReference; lastKnownFileType = folder.assetcatalog; path = Assets.xcassets; sourceTree = "<group>"; };
		258F9FF529AE1D9000402FD7 /* Base */ = {isa = PBXFileReference; lastKnownFileType = file.storyboard; name = Base; path = Base.lproj/LaunchScreen.storyboard; sourceTree = "<group>"; };
		258F9FF729AE1D9000402FD7 /* Info.plist */ = {isa = PBXFileReference; lastKnownFileType = text.plist.xml; path = Info.plist; sourceTree = "<group>"; };
		258FA00329AE227B00402FD7 /* Model.swift */ = {isa = PBXFileReference; lastKnownFileType = sourcecode.swift; path = Model.swift; sourceTree = "<group>"; };
		258FA00529AE263400402FD7 /* SongRequest.swift */ = {isa = PBXFileReference; lastKnownFileType = sourcecode.swift; path = SongRequest.swift; sourceTree = "<group>"; };
		258FA00729AE842C00402FD7 /* SongTableViewCell.swift */ = {isa = PBXFileReference; lastKnownFileType = sourcecode.swift; path = SongTableViewCell.swift; sourceTree = "<group>"; };
		258FA00929AEE40400402FD7 /* DetailsViewController.swift */ = {isa = PBXFileReference; lastKnownFileType = sourcecode.swift; path = DetailsViewController.swift; sourceTree = "<group>"; };
		258FA00B29AEE67700402FD7 /* Protocol.swift */ = {isa = PBXFileReference; lastKnownFileType = sourcecode.swift; path = Protocol.swift; sourceTree = "<group>"; };
/* End PBXFileReference section */

/* Begin PBXFrameworksBuildPhase section */
		258F9FE329AE1D8D00402FD7 /* Frameworks */ = {
			isa = PBXFrameworksBuildPhase;
			buildActionMask = 2147483647;
			files = (
				258F9FFF29AE1F7D00402FD7 /* SnapKit-Dynamic in Frameworks */,
			);
			runOnlyForDeploymentPostprocessing = 0;
		};
/* End PBXFrameworksBuildPhase section */

/* Begin PBXGroup section */
		258F9FDD29AE1D8D00402FD7 = {
			isa = PBXGroup;
			children = (
				258F9FE829AE1D8D00402FD7 /* ItunesTestTask */,
				258F9FE729AE1D8D00402FD7 /* Products */,
			);
			sourceTree = "<group>";
		};
		258F9FE729AE1D8D00402FD7 /* Products */ = {
			isa = PBXGroup;
			children = (
				258F9FE629AE1D8D00402FD7 /* ItunesTestTask.app */,
			);
			name = Products;
			sourceTree = "<group>";
		};
		258F9FE829AE1D8D00402FD7 /* ItunesTestTask */ = {
			isa = PBXGroup;
			children = (
				258FA00029AE225500402FD7 /* Model */,
				258FA00129AE225900402FD7 /* View */,
				258FA00229AE225E00402FD7 /* Controller */,
				258FA00B29AEE67700402FD7 /* Protocol.swift */,
				258F9FE929AE1D8D00402FD7 /* AppDelegate.swift */,
				258F9FEB29AE1D8D00402FD7 /* SceneDelegate.swift */,
				258F9FF229AE1D9000402FD7 /* Assets.xcassets */,
				258F9FF429AE1D9000402FD7 /* LaunchScreen.storyboard */,
				258F9FF729AE1D9000402FD7 /* Info.plist */,
			);
			path = ItunesTestTask;
			sourceTree = "<group>";
		};
		258FA00029AE225500402FD7 /* Model */ = {
			isa = PBXGroup;
			children = (
				258FA00329AE227B00402FD7 /* Model.swift */,
				258FA00529AE263400402FD7 /* SongRequest.swift */,
			);
			path = Model;
			sourceTree = "<group>";
		};
		258FA00129AE225900402FD7 /* View */ = {
			isa = PBXGroup;
			children = (
				258FA00729AE842C00402FD7 /* SongTableViewCell.swift */,
			);
			path = View;
			sourceTree = "<group>";
		};
		258FA00229AE225E00402FD7 /* Controller */ = {
			isa = PBXGroup;
			children = (
				258F9FED29AE1D8D00402FD7 /* ViewController.swift */,
				258FA00929AEE40400402FD7 /* DetailsViewController.swift */,
			);
			path = Controller;
			sourceTree = "<group>";
		};
/* End PBXGroup section */

/* Begin PBXNativeTarget section */
		258F9FE529AE1D8D00402FD7 /* ItunesTestTask */ = {
			isa = PBXNativeTarget;
			buildConfigurationList = 258F9FFA29AE1D9000402FD7 /* Build configuration list for PBXNativeTarget "ItunesTestTask" */;
			buildPhases = (
				258F9FE229AE1D8D00402FD7 /* Sources */,
				258F9FE329AE1D8D00402FD7 /* Frameworks */,
				258F9FE429AE1D8D00402FD7 /* Resources */,
			);
			buildRules = (
			);
			dependencies = (
			);
			name = ItunesTestTask;
			packageProductDependencies = (
				258F9FFE29AE1F7D00402FD7 /* SnapKit-Dynamic */,
			);
			productName = ItunesTestTask;
			productReference = 258F9FE629AE1D8D00402FD7 /* ItunesTestTask.app */;
			productType = "com.apple.product-type.application";
		};
/* End PBXNativeTarget section */

/* Begin PBXProject section */
		258F9FDE29AE1D8D00402FD7 /* Project object */ = {
			isa = PBXProject;
			attributes = {
				BuildIndependentTargetsInParallel = 1;
				LastSwiftUpdateCheck = 1420;
				LastUpgradeCheck = 1420;
				TargetAttributes = {
					258F9FE529AE1D8D00402FD7 = {
						CreatedOnToolsVersion = 14.2;
					};
				};
			};
			buildConfigurationList = 258F9FE129AE1D8D00402FD7 /* Build configuration list for PBXProject "ItunesTestTask" */;
			compatibilityVersion = "Xcode 14.0";
			developmentRegion = en;
			hasScannedForEncodings = 0;
			knownRegions = (
				en,
				Base,
			);
			mainGroup = 258F9FDD29AE1D8D00402FD7;
			packageReferences = (
				258F9FFD29AE1F7D00402FD7 /* XCRemoteSwiftPackageReference "SnapKit" */,
			);
			productRefGroup = 258F9FE729AE1D8D00402FD7 /* Products */;
			projectDirPath = "";
			projectRoot = "";
			targets = (
				258F9FE529AE1D8D00402FD7 /* ItunesTestTask */,
			);
		};
/* End PBXProject section */

/* Begin PBXResourcesBuildPhase section */
		258F9FE429AE1D8D00402FD7 /* Resources */ = {
			isa = PBXResourcesBuildPhase;
			buildActionMask = 2147483647;
			files = (
				258F9FF629AE1D9000402FD7 /* LaunchScreen.storyboard in Resources */,
				258F9FF329AE1D9000402FD7 /* Assets.xcassets in Resources */,
			);
			runOnlyForDeploymentPostprocessing = 0;
		};
/* End PBXResourcesBuildPhase section */

/* Begin PBXSourcesBuildPhase section */
		258F9FE229AE1D8D00402FD7 /* Sources */ = {
			isa = PBXSourcesBuildPhase;
			buildActionMask = 2147483647;
			files = (
				258FA00829AE842C00402FD7 /* SongTableViewCell.swift in Sources */,
				258F9FEE29AE1D8D00402FD7 /* ViewController.swift in Sources */,
				258FA00629AE263400402FD7 /* SongRequest.swift in Sources */,
				258FA00C29AEE67700402FD7 /* Protocol.swift in Sources */,
				258F9FEA29AE1D8D00402FD7 /* AppDelegate.swift in Sources */,
				258FA00A29AEE40400402FD7 /* DetailsViewController.swift in Sources */,
				258F9FEC29AE1D8D00402FD7 /* SceneDelegate.swift in Sources */,
				258FA00429AE227B00402FD7 /* Model.swift in Sources */,
			);
			runOnlyForDeploymentPostprocessing = 0;
		};
/* End PBXSourcesBuildPhase section */

/* Begin PBXVariantGroup section */
		258F9FF429AE1D9000402FD7 /* LaunchScreen.storyboard */ = {
			isa = PBXVariantGroup;
			children = (
				258F9FF529AE1D9000402FD7 /* Base */,
			);
			name = LaunchScreen.storyboard;
			sourceTree = "<group>";
		};
/* End PBXVariantGroup section */

/* Begin XCBuildConfiguration section */
		258F9FF829AE1D9000402FD7 /* Debug */ = {
			isa = XCBuildConfiguration;
			buildSettings = {
				ALWAYS_SEARCH_USER_PATHS = NO;
				CLANG_ANALYZER_NONNULL = YES;
				CLANG_ANALYZER_NUMBER_OBJECT_CONVERSION = YES_AGGRESSIVE;
				CLANG_CXX_LANGUAGE_STANDARD = "gnu++20";
				CLANG_ENABLE_MODULES = YES;
				CLANG_ENABLE_OBJC_ARC = YES;
				CLANG_ENABLE_OBJC_WEAK = YES;
				CLANG_WARN_BLOCK_CAPTURE_AUTORELEASING = YES;
				CLANG_WARN_BOOL_CONVERSION = YES;
				CLANG_WARN_COMMA = YES;
				CLANG_WARN_CONSTANT_CONVERSION = YES;
				CLANG_WARN_DEPRECATED_OBJC_IMPLEMENTATIONS = YES;
				CLANG_WARN_DIRECT_OBJC_ISA_USAGE = YES_ERROR;
				CLANG_WARN_DOCUMENTATION_COMMENTS = YES;
				CLANG_WARN_EMPTY_BODY = YES;
				CLANG_WARN_ENUM_CONVERSION = YES;
				CLANG_WARN_INFINITE_RECURSION = YES;
				CLANG_WARN_INT_CONVERSION = YES;
				CLANG_WARN_NON_LITERAL_NULL_CONVERSION = YES;
				CLANG_WARN_OBJC_IMPLICIT_RETAIN_SELF = YES;
				CLANG_WARN_OBJC_LITERAL_CONVERSION = YES;
				CLANG_WARN_OBJC_ROOT_CLASS = YES_ERROR;
				CLANG_WARN_QUOTED_INCLUDE_IN_FRAMEWORK_HEADER = YES;
				CLANG_WARN_RANGE_LOOP_ANALYSIS = YES;
				CLANG_WARN_STRICT_PROTOTYPES = YES;
				CLANG_WARN_SUSPICIOUS_MOVE = YES;
				CLANG_WARN_UNGUARDED_AVAILABILITY = YES_AGGRESSIVE;
				CLANG_WARN_UNREACHABLE_CODE = YES;
				CLANG_WARN__DUPLICATE_METHOD_MATCH = YES;
				COPY_PHASE_STRIP = NO;
				DEBUG_INFORMATION_FORMAT = dwarf;
				ENABLE_STRICT_OBJC_MSGSEND = YES;
				ENABLE_TESTABILITY = YES;
				GCC_C_LANGUAGE_STANDARD = gnu11;
				GCC_DYNAMIC_NO_PIC = NO;
				GCC_NO_COMMON_BLOCKS = YES;
				GCC_OPTIMIZATION_LEVEL = 0;
				GCC_PREPROCESSOR_DEFINITIONS = (
					"DEBUG=1",
					"$(inherited)",
				);
				GCC_WARN_64_TO_32_BIT_CONVERSION = YES;
				GCC_WARN_ABOUT_RETURN_TYPE = YES_ERROR;
				GCC_WARN_UNDECLARED_SELECTOR = YES;
				GCC_WARN_UNINITIALIZED_AUTOS = YES_AGGRESSIVE;
				GCC_WARN_UNUSED_FUNCTION = YES;
				GCC_WARN_UNUSED_VARIABLE = YES;
				IPHONEOS_DEPLOYMENT_TARGET = 16.2;
				MTL_ENABLE_DEBUG_INFO = INCLUDE_SOURCE;
				MTL_FAST_MATH = YES;
				ONLY_ACTIVE_ARCH = YES;
				SDKROOT = iphoneos;
				SWIFT_ACTIVE_COMPILATION_CONDITIONS = DEBUG;
				SWIFT_OPTIMIZATION_LEVEL = "-Onone";
			};
			name = Debug;
		};
		258F9FF929AE1D9000402FD7 /* Release */ = {
			isa = XCBuildConfiguration;
			buildSettings = {
				ALWAYS_SEARCH_USER_PATHS = NO;
				CLANG_ANALYZER_NONNULL = YES;
				CLANG_ANALYZER_NUMBER_OBJECT_CONVERSION = YES_AGGRESSIVE;
				CLANG_CXX_LANGUAGE_STANDARD = "gnu++20";
				CLANG_ENABLE_MODULES = YES;
				CLANG_ENABLE_OBJC_ARC = YES;
				CLANG_ENABLE_OBJC_WEAK = YES;
				CLANG_WARN_BLOCK_CAPTURE_AUTORELEASING = YES;
				CLANG_WARN_BOOL_CONVERSION = YES;
				CLANG_WARN_COMMA = YES;
				CLANG_WARN_CONSTANT_CONVERSION = YES;
				CLANG_WARN_DEPRECATED_OBJC_IMPLEMENTATIONS = YES;
				CLANG_WARN_DIRECT_OBJC_ISA_USAGE = YES_ERROR;
				CLANG_WARN_DOCUMENTATION_COMMENTS = YES;
				CLANG_WARN_EMPTY_BODY = YES;
				CLANG_WARN_ENUM_CONVERSION = YES;
				CLANG_WARN_INFINITE_RECURSION = YES;
				CLANG_WARN_INT_CONVERSION = YES;
				CLANG_WARN_NON_LITERAL_NULL_CONVERSION = YES;
				CLANG_WARN_OBJC_IMPLICIT_RETAIN_SELF = YES;
				CLANG_WARN_OBJC_LITERAL_CONVERSION = YES;
				CLANG_WARN_OBJC_ROOT_CLASS = YES_ERROR;
				CLANG_WARN_QUOTED_INCLUDE_IN_FRAMEWORK_HEADER = YES;
				CLANG_WARN_RANGE_LOOP_ANALYSIS = YES;
				CLANG_WARN_STRICT_PROTOTYPES = YES;
				CLANG_WARN_SUSPICIOUS_MOVE = YES;
				CLANG_WARN_UNGUARDED_AVAILABILITY = YES_AGGRESSIVE;
				CLANG_WARN_UNREACHABLE_CODE = YES;
				CLANG_WARN__DUPLICATE_METHOD_MATCH = YES;
				COPY_PHASE_STRIP = NO;
				DEBUG_INFORMATION_FORMAT = "dwarf-with-dsym";
				ENABLE_NS_ASSERTIONS = NO;
				ENABLE_STRICT_OBJC_MSGSEND = YES;
				GCC_C_LANGUAGE_STANDARD = gnu11;
				GCC_NO_COMMON_BLOCKS = YES;
				GCC_WARN_64_TO_32_BIT_CONVERSION = YES;
				GCC_WARN_ABOUT_RETURN_TYPE = YES_ERROR;
				GCC_WARN_UNDECLARED_SELECTOR = YES;
				GCC_WARN_UNINITIALIZED_AUTOS = YES_AGGRESSIVE;
				GCC_WARN_UNUSED_FUNCTION = YES;
				GCC_WARN_UNUSED_VARIABLE = YES;
				IPHONEOS_DEPLOYMENT_TARGET = 16.2;
				MTL_ENABLE_DEBUG_INFO = NO;
				MTL_FAST_MATH = YES;
				SDKROOT = iphoneos;
				SWIFT_COMPILATION_MODE = wholemodule;
				SWIFT_OPTIMIZATION_LEVEL = "-O";
				VALIDATE_PRODUCT = YES;
			};
			name = Release;
		};
		258F9FFB29AE1D9000402FD7 /* Debug */ = {
			isa = XCBuildConfiguration;
			buildSettings = {
				ASSETCATALOG_COMPILER_APPICON_NAME = AppIcon;
				ASSETCATALOG_COMPILER_GLOBAL_ACCENT_COLOR_NAME = AccentColor;
				CODE_SIGN_STYLE = Automatic;
				CURRENT_PROJECT_VERSION = 1;
				DEVELOPMENT_TEAM = XMAYR8P7MJ;
				GENERATE_INFOPLIST_FILE = YES;
				INFOPLIST_FILE = ItunesTestTask/Info.plist;
				INFOPLIST_KEY_UIApplicationSupportsIndirectInputEvents = YES;
				INFOPLIST_KEY_UILaunchStoryboardName = LaunchScreen;
				INFOPLIST_KEY_UISupportedInterfaceOrientations_iPad = "UIInterfaceOrientationPortrait UIInterfaceOrientationPortraitUpsideDown UIInterfaceOrientationLandscapeLeft UIInterfaceOrientationLandscapeRight";
				INFOPLIST_KEY_UISupportedInterfaceOrientations_iPhone = "UIInterfaceOrientationPortrait UIInterfaceOrientationLandscapeLeft UIInterfaceOrientationLandscapeRight";
				IPHONEOS_DEPLOYMENT_TARGET = 16.0;
				LD_RUNPATH_SEARCH_PATHS = (
					"$(inherited)",
					"@executable_path/Frameworks",
				);
				MARKETING_VERSION = 1.0;
				PRODUCT_BUNDLE_IDENTIFIER = Amir.ItunesTestTask;
				PRODUCT_NAME = "$(TARGET_NAME)";
				SWIFT_EMIT_LOC_STRINGS = YES;
				SWIFT_VERSION = 5.0;
				TARGETED_DEVICE_FAMILY = "1,2";
			};
			name = Debug;
		};
		258F9FFC29AE1D9000402FD7 /* Release */ = {
			isa = XCBuildConfiguration;
			buildSettings = {
				ASSETCATALOG_COMPILER_APPICON_NAME = AppIcon;
				ASSETCATALOG_COMPILER_GLOBAL_ACCENT_COLOR_NAME = AccentColor;
				CODE_SIGN_STYLE = Automatic;
				CURRENT_PROJECT_VERSION = 1;
				DEVELOPMENT_TEAM = XMAYR8P7MJ;
				GENERATE_INFOPLIST_FILE = YES;
				INFOPLIST_FILE = ItunesTestTask/Info.plist;
				INFOPLIST_KEY_UIApplicationSupportsIndirectInputEvents = YES;
				INFOPLIST_KEY_UILaunchStoryboardName = LaunchScreen;
				INFOPLIST_KEY_UISupportedInterfaceOrientations_iPad = "UIInterfaceOrientationPortrait UIInterfaceOrientationPortraitUpsideDown UIInterfaceOrientationLandscapeLeft UIInterfaceOrientationLandscapeRight";
				INFOPLIST_KEY_UISupportedInterfaceOrientations_iPhone = "UIInterfaceOrientationPortrait UIInterfaceOrientationLandscapeLeft UIInterfaceOrientationLandscapeRight";
				IPHONEOS_DEPLOYMENT_TARGET = 16.0;
				LD_RUNPATH_SEARCH_PATHS = (
					"$(inherited)",
					"@executable_path/Frameworks",
				);
				MARKETING_VERSION = 1.0;
				PRODUCT_BUNDLE_IDENTIFIER = Amir.ItunesTestTask;
				PRODUCT_NAME = "$(TARGET_NAME)";
				SWIFT_EMIT_LOC_STRINGS = YES;
				SWIFT_VERSION = 5.0;
				TARGETED_DEVICE_FAMILY = "1,2";
			};
			name = Release;
		};
/* End XCBuildConfiguration section */

/* Begin XCConfigurationList section */
		258F9FE129AE1D8D00402FD7 /* Build configuration list for PBXProject "ItunesTestTask" */ = {
			isa = XCConfigurationList;
			buildConfigurations = (
				258F9FF829AE1D9000402FD7 /* Debug */,
				258F9FF929AE1D9000402FD7 /* Release */,
			);
			defaultConfigurationIsVisible = 0;
			defaultConfigurationName = Release;
		};
		258F9FFA29AE1D9000402FD7 /* Build configuration list for PBXNativeTarget "ItunesTestTask" */ = {
			isa = XCConfigurationList;
			buildConfigurations = (
				258F9FFB29AE1D9000402FD7 /* Debug */,
				258F9FFC29AE1D9000402FD7 /* Release */,
			);
			defaultConfigurationIsVisible = 0;
			defaultConfigurationName = Release;
		};
/* End XCConfigurationList section */

/* Begin XCRemoteSwiftPackageReference section */
		258F9FFD29AE1F7D00402FD7 /* XCRemoteSwiftPackageReference "SnapKit" */ = {
			isa = XCRemoteSwiftPackageReference;
			repositoryURL = "https://github.com/SnapKit/SnapKit";
			requirement = {
				kind = upToNextMinorVersion;
				minimumVersion = 5.6.0;
			};
		};
/* End XCRemoteSwiftPackageReference section */

/* Begin XCSwiftPackageProductDependency section */
		258F9FFE29AE1F7D00402FD7 /* SnapKit-Dynamic */ = {
			isa = XCSwiftPackageProductDependency;
			package = 258F9FFD29AE1F7D00402FD7 /* XCRemoteSwiftPackageReference "SnapKit" */;
			productName = "SnapKit-Dynamic";
		};
/* End XCSwiftPackageProductDependency section */
	};
	rootObject = 258F9FDE29AE1D8D00402FD7 /* Project object */;
}
